{
  "name": "random",
  "lockfileVersion": 2,
  "requires": true,
  "packages": {
    "": {
      "dependencies": {
        "hono": "^4.0.5"
      }
    },
    "node_modules/hono": {
      "version": "4.0.5",
      "resolved": "https://registry.npmjs.org/hono/-/hono-4.0.5.tgz",
      "integrity": "sha512-6LEGL1Pf3+dLjVA0NJxAB/3FJ6S3W5qxd/XOG7Wl9YOrpMRZT9lt83R4Ojs8dO6GbAUSutI7zTyjStnSn9sbEg==",
      "engines": {
        "node": ">=16.0.0"
      }
    }
  },
  "dependencies": {
    "hono": {
      "version": "4.0.5",
      "resolved": "https://registry.npmjs.org/hono/-/hono-4.0.5.tgz",
      "integrity": "sha512-6LEGL1Pf3+dLjVA0NJxAB/3FJ6S3W5qxd/XOG7Wl9YOrpMRZT9lt83R4Ojs8dO6GbAUSutI7zTyjStnSn9sbEg=="
    }
  }
}
